{
    "_readme": [
        "This file locks the dependencies of your project to a known state",
        "Read more about it at https://getcomposer.org/doc/01-basic-usage.md#installing-dependencies",
        "This file is @generated automatically"
    ],
    "content-hash": "bd6d6f63709818e0a88c7385c039f25e",
    "packages": [
        {
            "name": "cruxoft/bolt-core",
            "version": "0.8.0",
            "source": {
                "type": "git",
                "url": "https://github.com/irwtdvoys/bolt-core.git",
                "reference": "055ca11a2d28181c66f0858051e147f424e85974"
            },
            "dist": {
                "type": "zip",
                "url": "https://api.github.com/repos/irwtdvoys/bolt-core/zipball/055ca11a2d28181c66f0858051e147f424e85974",
                "reference": "055ca11a2d28181c66f0858051e147f424e85974",
                "shasum": ""
            },
            "require": {
                "php": "^7"
            },
            "require-dev": {
                "cruxoft/dump": "^0.2.2"
            },
            "type": "library",
            "autoload": {
                "psr-4": {
                    "Bolt\\": "src/"
                }
            },
            "notification-url": "https://packagist.org/downloads/",
            "license": [
                "Apache-2.0"
            ],
            "authors": [
                {
                    "name": "Steve Adams",
                    "role": "Developer"
                }
            ],
            "description": "Core elements for the Bolt Framework",
            "keywords": [
                "bolt",
                "framework"
            ],
            "time": "2019-11-10T16:06:59+00:00"
        },
        {
            "name": "cruxoft/bolt-geojson",
            "version": "0.8.0",
            "source": {
                "type": "git",
                "url": "https://github.com/irwtdvoys/bolt-geojson.git",
                "reference": "bd5232586e6f5dde9c99085875e485611487d6ff"
            },
            "dist": {
                "type": "zip",
                "url": "https://api.github.com/repos/irwtdvoys/bolt-geojson/zipball/bd5232586e6f5dde9c99085875e485611487d6ff",
                "reference": "bd5232586e6f5dde9c99085875e485611487d6ff",
                "shasum": ""
            },
            "require": {
                "cruxoft/bolt-json": "^0.3.0"
            },
            "require-dev": {
                "cruxoft/dump": "^0.2.2"
            },
            "type": "library",
            "autoload": {
                "psr-4": {
                    "Bolt\\": "src"
                }
            },
            "notification-url": "https://packagist.org/downloads/",
            "license": [
                "Apache-2.0"
            ],
            "authors": [
                {
                    "name": "Steve Adams",
                    "role": "Developer"
                }
            ],
            "description": "GeoJSON module for Bolt",
            "keywords": [
                "bolt",
                "geojson"
            ],
            "time": "2019-09-01T11:46:31+00:00"
        },
        {
            "name": "cruxoft/bolt-json",
            "version": "0.3.1",
            "source": {
                "type": "git",
                "url": "https://github.com/irwtdvoys/bolt-json.git",
                "reference": "9068e249e616dc1e1d5a4aa7677f8c11c8725811"
            },
            "dist": {
                "type": "zip",
                "url": "https://api.github.com/repos/irwtdvoys/bolt-json/zipball/9068e249e616dc1e1d5a4aa7677f8c11c8725811",
                "reference": "9068e249e616dc1e1d5a4aa7677f8c11c8725811",
                "shasum": ""
            },
            "require": {
                "cruxoft/bolt-core": "^0.8.0",
                "ext-json": "*",
                "php": "^7"
            },
            "require-dev": {
                "cruxoft/dump": "^0.2.0"
            },
            "type": "library",
            "autoload": {
                "psr-4": {
                    "Bolt\\": "src"
                }
            },
            "notification-url": "https://packagist.org/downloads/",
            "license": [
                "Apache-2.0"
            ],
            "authors": [
                {
                    "name": "Steve Adams",
                    "role": "Developer"
                }
            ],
            "description": "JSON wrapper library built on the Bolt Framework",
            "keywords": [
                "bolt",
                "json"
            ],
            "time": "2019-11-10T16:13:59+00:00"
        },
        {
            "name": "cruxoft/logbook",
            "version": "0.1.3",
            "source": {
                "type": "git",
                "url": "https://github.com/irwtdvoys/logbook.git",
                "reference": "a1db9c0fabf2a1e05a541d4aa86ec549984225be"
            },
            "dist": {
                "type": "zip",
                "url": "https://api.github.com/repos/irwtdvoys/logbook/zipball/a1db9c0fabf2a1e05a541d4aa86ec549984225be",
                "reference": "a1db9c0fabf2a1e05a541d4aa86ec549984225be",
                "shasum": ""
            },
            "require": {
                "monolog/monolog": "^1.23",
                "php": "^7.0"
            },
            "require-dev": {
                "phpunit/phpunit": "^7.0"
            },
            "type": "library",
            "autoload": {
                "psr-4": {
                    "Cruxoft\\": "src/"
                }
            },
            "notification-url": "https://packagist.org/downloads/",
            "license": [
                "Apache-2.0"
            ],
            "authors": [
                {
                    "name": "Steve Adams",
                    "email": "irwtdvoys@gmail.com"
                }
            ],
            "description": "Simple wrapper for interaction with Monolog's Registry",
            "time": "2018-07-13T09:57:38+00:00"
        },
        {
            "name": "monolog/monolog",
            "version": "1.25.2",
            "source": {
                "type": "git",
                "url": "https://github.com/Seldaek/monolog.git",
                "reference": "d5e2fb341cb44f7e2ab639d12a1e5901091ec287"
            },
            "dist": {
                "type": "zip",
                "url": "https://api.github.com/repos/Seldaek/monolog/zipball/d5e2fb341cb44f7e2ab639d12a1e5901091ec287",
                "reference": "d5e2fb341cb44f7e2ab639d12a1e5901091ec287",
                "shasum": ""
            },
            "require": {
                "php": ">=5.3.0",
                "psr/log": "~1.0"
            },
            "provide": {
                "psr/log-implementation": "1.0.0"
            },
            "require-dev": {
                "aws/aws-sdk-php": "^2.4.9 || ^3.0",
                "doctrine/couchdb": "~1.0@dev",
                "graylog2/gelf-php": "~1.0",
                "jakub-onderka/php-parallel-lint": "0.9",
                "php-amqplib/php-amqplib": "~2.4",
                "php-console/php-console": "^3.1.3",
                "phpunit/phpunit": "~4.5",
                "phpunit/phpunit-mock-objects": "2.3.0",
                "ruflin/elastica": ">=0.90 <3.0",
                "sentry/sentry": "^0.13",
                "swiftmailer/swiftmailer": "^5.3|^6.0"
            },
            "suggest": {
                "aws/aws-sdk-php": "Allow sending log messages to AWS services like DynamoDB",
                "doctrine/couchdb": "Allow sending log messages to a CouchDB server",
                "ext-amqp": "Allow sending log messages to an AMQP server (1.0+ required)",
                "ext-mongo": "Allow sending log messages to a MongoDB server",
                "graylog2/gelf-php": "Allow sending log messages to a GrayLog2 server",
                "mongodb/mongodb": "Allow sending log messages to a MongoDB server via PHP Driver",
                "php-amqplib/php-amqplib": "Allow sending log messages to an AMQP server using php-amqplib",
                "php-console/php-console": "Allow sending log messages to Google Chrome",
                "rollbar/rollbar": "Allow sending log messages to Rollbar",
                "ruflin/elastica": "Allow sending log messages to an Elastic Search server",
                "sentry/sentry": "Allow sending log messages to a Sentry server"
            },
            "type": "library",
            "extra": {
                "branch-alias": {
                    "dev-master": "2.0.x-dev"
                }
            },
            "autoload": {
                "psr-4": {
                    "Monolog\\": "src/Monolog"
                }
            },
            "notification-url": "https://packagist.org/downloads/",
            "license": [
                "MIT"
            ],
            "authors": [
                {
                    "name": "Jordi Boggiano",
                    "email": "j.boggiano@seld.be",
                    "homepage": "http://seld.be"
                }
            ],
            "description": "Sends your logs to files, sockets, inboxes, databases and various web services",
            "homepage": "http://github.com/Seldaek/monolog",
            "keywords": [
                "log",
                "logging",
                "psr-3"
            ],
            "time": "2019-11-13T10:00:05+00:00"
        },
        {
            "name": "psr/log",
            "version": "1.1.2",
            "source": {
                "type": "git",
                "url": "https://github.com/php-fig/log.git",
                "reference": "446d54b4cb6bf489fc9d75f55843658e6f25d801"
            },
            "dist": {
                "type": "zip",
                "url": "https://api.github.com/repos/php-fig/log/zipball/446d54b4cb6bf489fc9d75f55843658e6f25d801",
                "reference": "446d54b4cb6bf489fc9d75f55843658e6f25d801",
                "shasum": ""
            },
            "require": {
                "php": ">=5.3.0"
            },
            "type": "library",
            "extra": {
                "branch-alias": {
                    "dev-master": "1.1.x-dev"
                }
            },
            "autoload": {
                "psr-4": {
                    "Psr\\Log\\": "Psr/Log/"
                }
            },
            "notification-url": "https://packagist.org/downloads/",
            "license": [
                "MIT"
            ],
            "authors": [
                {
                    "name": "PHP-FIG",
                    "homepage": "http://www.php-fig.org/"
                }
            ],
            "description": "Common interface for logging libraries",
            "homepage": "https://github.com/php-fig/log",
            "keywords": [
                "log",
                "psr",
                "psr-3"
            ],
            "time": "2019-11-01T11:05:21+00:00"
        }
    ],
    "packages-dev": [
        {
            "name": "cruxoft/dump",
            "version": "0.2.2",
            "source": {
                "type": "git",
                "url": "https://github.com/irwtdvoys/dump.git",
                "reference": "0010b53abb5fa90eadffe59a23af3b90649e4a13"
            },
            "dist": {
                "type": "zip",
                "url": "https://api.github.com/repos/irwtdvoys/dump/zipball/0010b53abb5fa90eadffe59a23af3b90649e4a13",
                "reference": "0010b53abb5fa90eadffe59a23af3b90649e4a13",
                "shasum": ""
            },
            "require-dev": {
                "phpunit/phpunit": "^7.0"
            },
            "type": "library",
            "autoload": {
                "psr-4": {
                    "Cruxoft\\": "src/"
                },
                "files": [
                    "src/dump.php"
                ]
            },
            "notification-url": "https://packagist.org/downloads/",
            "license": [
                "Apache-2.0"
            ],
            "authors": [
                {
                    "name": "Steve Adams",
                    "email": "irwtdvoys@gmail.com"
                }
            ],
            "description": "A system for generating structure information about nested variables for use including screen display",
            "time": "2018-03-14T14:14:53+00:00"
        }
    ],
    "aliases": [],
    "minimum-stability": "stable",
    "stability-flags": [],
    "prefer-stable": false,
    "prefer-lowest": false,
    "platform": {
        "php": "^7.4.0",
        "ext-json": "*"
    },
    "platform-dev": []
}
